{
  "nodes": {
    "base16": {
      "inputs": {
        "fromYaml": "fromYaml"
      },
      "locked": {
        "lastModified": 1755819240,
        "narHash": "sha256-qcMhnL7aGAuFuutH4rq9fvAhCpJWVHLcHVZLtPctPlo=",
        "owner": "SenchoPens",
        "repo": "base16.nix",
        "rev": "75ed5e5e3fce37df22e49125181fa37899c3ccd6",
        "type": "github"
      },
      "original": {
        "owner": "SenchoPens",
        "repo": "base16.nix",
        "type": "github"
      }
    },
    "base16-fish": {
      "flake": false,
      "locked": {
        "lastModified": 1765809053,
        "narHash": "sha256-XCUQLoLfBJ8saWms2HCIj4NEN+xNsWBlU1NrEPcQG4s=",
        "owner": "tomyun",
        "repo": "base16-fish",
        "rev": "86cbea4dca62e08fb7fd83a70e96472f92574782",
        "type": "github"
      },
      "original": {
        "owner": "tomyun",
        "repo": "base16-fish",
        "rev": "86cbea4dca62e08fb7fd83a70e96472f92574782",
        "type": "github"
      }
    },
    "base16-helix": {
      "flake": false,
      "locked": {
        "lastModified": 1776754714,
        "narHash": "sha256-E3OAK27smtATTmX45uoTSRsVD+Y+ZiVVfgM/tjpbtYg=",
        "owner": "tinted-theming",
        "repo": "base16-helix",
        "rev": "4d508123037e7851ad36ebf7d9c48b0e9e1eb581",
        "type": "github"
      },
      "original": {
        "owner": "tinted-theming",
        "repo": "base16-helix",
        "type": "github"
      }
    },
    "base16-vim": {
      "flake": false,
      "locked": {
        "lastModified": 1732806396,
        "narHash": "sha256-e0bpPySdJf0F68Ndanwm+KWHgQiZ0s7liLhvJSWDNsA=",
        "owner": "tinted-theming",
        "repo": "base16-vim",
        "rev": "577fe8125d74ff456cf942c733a85d769afe58b7",
        "type": "github"
      },
      "original": {
        "owner": "tinted-theming",
        "repo": "base16-vim",
        "rev": "577fe8125d74ff456cf942c733a85d769afe58b7",
        "type": "github"
      }
    },
    "firefox-gnome-theme": {
      "flake": false,
      "locked": {
        "lastModified": 1783570805,
        "narHash": "sha256-ptl5aRlCv9/uRSv2u8Hq8UFVFeZ6Q/bT049bpqNgc3w=",
        "owner": "rafaelmardojai",
        "repo": "firefox-gnome-theme",
        "rev": "5602ed62d638142c1ab31dccd01dfbfb28841225",
        "type": "github"
      },
      "original": {
        "owner": "rafaelmardojai",
        "repo": "firefox-gnome-theme",
        "type": "github"
      }
    },
    "flake-parts": {
      "inputs": {
        "nixpkgs-lib": [
          "stylix",
          "nixpkgs"
        ]
      },
      "locked": {
        "lastModified": 1782949081,
        "narHash": "sha256-vp6Y/Grm98ESt6ceOkWiHWyZRDV3J1RID4w+6NWK9yA=",
        "owner": "hercules-ci",
        "repo": "flake-parts",
        "rev": "17c9d6cdfc60c64f4ee8d306f9bc0b4ccb51481e",
        "type": "github"
      },
      "original": {
        "owner": "hercules-ci",
        "repo": "flake-parts",
        "type": "github"
      }
    },
    "flake-utils": {
      "inputs": {
        "systems": "systems"
      },
      "locked": {
        "lastModified": 1731533236,
        "narHash": "sha256-l0KFg5HjrsfsO/JpG+r7fRrqm12kzFHyUHqHCVpMMbI=",
        "owner": "numtide",
        "repo": "flake-utils",
        "rev": "11707dc2f618dd54ca8739b309ec4fc024de578b",
        "type": "github"
      },
      "original": {
        "owner": "numtide",
        "repo": "flake-utils",
        "type": "github"
      }
    },
    "fromYaml": {
      "flake": false,
      "locked": {
        "lastModified": 1731966426,
        "narHash": "sha256-lq95WydhbUTWig/JpqiB7oViTcHFP8Lv41IGtayokA8=",
        "owner": "SenchoPens",
        "repo": "fromYaml",
        "rev": "106af9e2f715e2d828df706c386a685698f3223b",
        "type": "github"
      },
      "original": {
        "owner": "SenchoPens",
        "repo": "fromYaml",
        "type": "github"
      }
    },
    "ghzinga": {
      "flake": false,
      "locked": {
        "lastModified": 1785067263,
        "narHash": "sha256-siIpLSaGUvYJIDx6jjYq7A8lh2bnBzfcBeF+2AzV3E4=",
        "ref": "refs/tags/v0.5.0",
        "rev": "30cf4ac79c69140cdac1c8bcf7caa54be34f361b",
        "shallow": true,
        "type": "git",
        "url": "https://github.com/osolmaz/ghzinga"
      },
      "original": {
        "ref": "refs/tags/v0.5.0",
        "shallow": true,
        "type": "git",
        "url": "https://github.com/osolmaz/ghzinga"
      }
    },
    "gnome-shell": {
      "flake": false,
      "locked": {
        "host": "gitlab.gnome.org",
        "lastModified": 1776175984,
        "narHash": "sha256-RJFlFW8GiMei6oqUGrMkGEvVqOH8U7Q8abc1yK4VKD8=",
        "owner": "GNOME",
        "repo": "gnome-shell",
        "rev": "e0fdc4c13250e9a9b8ea9594c83925274f4a5dca",
        "type": "gitlab"
      },
      "original": {
        "host": "gitlab.gnome.org",
        "owner": "GNOME",
        "ref": "50.1",
        "repo": "gnome-shell",
        "type": "gitlab"
      }
    },
    "herdr": {
      "inputs": {
        "nixpkgs": [
          "nixpkgs"
        ],
        "rust-overlay": "rust-overlay"
      },
      "locked": {
        "lastModified": 1785783176,
        "narHash": "sha256-empFQ+hrnCh2JhOzQRWSCLV0YoZC3DXW3bY6k8YuJjk=",
        "ref": "refs/tags/v0.8.0",
        "rev": "346411fa21afd297f5ed3b3fa56f9e3fbf7654b7",
        "shallow": true,
        "type": "git",
        "url": "https://github.com/herdrdev/herdr"
      },
      "original": {
        "ref": "refs/tags/v0.8.0",
        "shallow": true,
        "type": "git",
        "url": "https://github.com/herdrdev/herdr"
      }
    },
    "herdr-annotations": {
      "flake": false,
      "locked": {
        "lastModified": 1784212381,
        "narHash": "sha256-dfwiu5/3VqJ82Cjl/rtjI3KpqkQUJ5JWQ1t/8Pp47iA=",
        "ref": "main",
        "rev": "a408ebdeebd5a79fb96a6acc8314b32f2de0c85f",
        "revCount": 1,
        "type": "git",
        "url": "https://github.com/jagzmz/herdr-annotations"
      },
      "original": {
        "ref": "main",
        "rev": "a408ebdeebd5a79fb96a6acc8314b32f2de0c85f",
        "type": "git",
        "url": "https://github.com/jagzmz/herdr-annotations"
      }
    },
    "herdr-automatic-rename": {
      "flake": false,
      "locked": {
        "lastModified": 1787067705,
        "narHash": "sha256-4r21CLLGUDfI3geW+6wn90XT/gu0tDJL51w3eNnu3dc=",
        "ref": "refs/tags/v0.7.0",
        "rev": "2f537b16faf1ebfad30ce0507439405ca03a2f84",
        "shallow": true,
        "type": "git",
        "url": "https://github.com/qu8n/herdr-automatic-rename"
      },
      "original": {
        "ref": "refs/tags/v0.7.0",
        "shallow": true,
        "type": "git",
        "url": "https://github.com/qu8n/herdr-automatic-rename"
      }
    },
    "herdr-bar": {
      "flake": false,
      "locked": {
        "lastModified": 1786078169,
        "narHash": "sha256-DXOeCI5LGVfPvxXhACihyH6K9i6/q6uxTQdyYaUkUhE=",
        "ref": "refs/tags/v0.2.1",
        "rev": "01cc0620ec743ee7a62a561551b59d9be81bd563",
        "shallow": true,
        "type": "git",
        "url": "https://github.com/jeffarese/herdr-bar"
      },
      "original": {
        "ref": "refs/tags/v0.2.1",
        "shallow": true,
        "type": "git",
        "url": "https://github.com/jeffarese/herdr-bar"
      }
    },
    "herdr-browser": {
      "flake": false,
      "locked": {
        "lastModified": 1785246706,
        "narHash": "sha256-4Dlo4YQpLPJKEPuXSS4EO5LMCmUn/tezEiIqlFXhCxo=",
        "ref": "main",
        "rev": "be6888b71cf4eb5939ee79a746bd1a1c22ade046",
        "revCount": 2,
        "type": "git",
        "url": "https://github.com/ogulcancelik/herdr-browser"
      },
      "original": {
        "ref": "main",
        "rev": "be6888b71cf4eb5939ee79a746bd1a1c22ade046",
        "type": "git",
        "url": "https://github.com/ogulcancelik/herdr-browser"
      }
    },
    "herdr-file-viewer": {
      "flake": false,
      "locked": {
        "lastModified": 1786828789,
        "narHash": "sha256-2vI98QRm6vXDe8IkJBPAqFsQH86zX1oJVwCaoOVYrQs=",
        "ref": "refs/tags/v1.16.0",
        "rev": "647f03236d9aa20de0b07c9de0a951e13a1e59bf",
        "shallow": true,
        "type": "git",
        "url": "https://github.com/smarzban/herdr-file-viewer"
      },
      "original": {
        "ref": "refs/tags/v1.16.0",
        "shallow": true,
        "type": "git",
        "url": "https://github.com/smarzban/herdr-file-viewer"
      }
    },
    "herdr-notes": {
      "flake": false,
      "locked": {
        "lastModified": 1786840609,
        "narHash": "sha256-DwrQcJlHnaRlPmaSsPX70+z01EHC/b7NfzvUbwzxU4w=",
        "ref": "refs/tags/v0.2.0",
        "rev": "76517c7d6aa17eb24abc49e71cb920d7a00f0d79",
        "shallow": true,
        "type": "git",
        "url": "https://github.com/cyperx84/herdr-notes"
      },
      "original": {
        "ref": "refs/tags/v0.2.0",
        "shallow": true,
        "type": "git",
        "url": "https://github.com/cyperx84/herdr-notes"
      }
    },
    "herdr-nvim": {
      "flake": false,
      "locked": {
        "lastModified": 1786633944,
        "narHash": "sha256-8rauWsiFvp847ku4OCrhECQGoQUUiZdKOZtjQ2xShYg=",
        "ref": "main",
        "rev": "40aadeab3cef3702ef5e05069181c7168084794f",
        "revCount": 97,
        "type": "git",
        "url": "https://github.com/ChmaraX/herdr-nvim"
      },
      "original": {
        "ref": "main",
        "rev": "40aadeab3cef3702ef5e05069181c7168084794f",
        "type": "git",
        "url": "https://github.com/ChmaraX/herdr-nvim"
      }
    },
    "herdr-reviewr": {
      "flake": false,
      "locked": {
        "lastModified": 1787066104,
        "narHash": "sha256-l44G4OrnE0ty3Gj97cEdJUC36fi2QGUtT1aZ7OmHeAc=",
        "ref": "refs/tags/v0.32.1",
        "rev": "a4224541751a5030986e159aedb69e6508716e15",
        "shallow": true,
        "type": "git",
        "url": "https://github.com/persiyanov/herdr-reviewr"
      },
      "original": {
        "ref": "refs/tags/v0.32.1",
        "shallow": true,
        "type": "git",
        "url": "https://github.com/persiyanov/herdr-reviewr"
      }
    },
    "herdr-telegram-plugin": {
      "flake": false,
      "locked": {
        "lastModified": 1785519725,
        "narHash": "sha256-xuNjiLc3u+RwvMMRPnSsR2+T/ZACIWmPJAF5X1jhF1I=",
        "ref": "main",
        "rev": "af947630fe0b6081247665956b2df5d6922f2eb7",
        "revCount": 155,
        "type": "git",
        "url": "https://github.com/mvallebr/herdr-telegram-plugin"
      },
      "original": {
        "ref": "main",
        "rev": "af947630fe0b6081247665956b2df5d6922f2eb7",
        "type": "git",
        "url": "https://github.com/mvallebr/herdr-telegram-plugin"
      }
    },
    "herdr-usage-bar": {
      "flake": false,
      "locked": {
        "lastModified": 1784851511,
        "narHash": "sha256-hLfKLBWytyFX31AP0lcNN+JbDXvDRayv7xIaQxJRcSA=",
        "ref": "refs/tags/v0.1.1",
        "rev": "c8431a173fc34d2776e66092b381b63978431ef1",
        "shallow": true,
        "type": "git",
        "url": "https://github.com/silverwolfdoc/herdr-usage-bar"
      },
      "original": {
        "ref": "refs/tags/v0.1.1",
        "shallow": true,
        "type": "git",
        "url": "https://github.com/silverwolfdoc/herdr-usage-bar"
      }
    },
    "herdr-yazi": {
      "flake": false,
      "locked": {
        "lastModified": 1787148805,
        "narHash": "sha256-5bAy+xD1mLYJOUYvLWeU2pgZpYAeo+hxdNSlaM9pCkA=",
        "ref": "main",
        "rev": "54aa4e6dff480189630fa3593146cdcc2768ade9",
        "revCount": 13,
        "type": "git",
        "url": "https://github.com/speardragon/herdr-yazi"
      },
      "original": {
        "ref": "main",
        "rev": "54aa4e6dff480189630fa3593146cdcc2768ade9",
        "type": "git",
        "url": "https://github.com/speardragon/herdr-yazi"
      }
    },
    "home-manager": {
      "inputs": {
        "nixpkgs": [
          "nixpkgs"
        ]
      },
      "locked": {
        "lastModified": 1787176219,
        "narHash": "sha256-djoRr6jBpe35q/0JwAvXpFXg1Ktf+X54NU2RLR7wnHw=",
        "owner": "nix-community",
        "repo": "home-manager",
        "rev": "c53d643b3737e2fcd04e6cb3b3580ef50b2087a0",
        "type": "github"
      },
      "original": {
        "owner": "nix-community",
        "repo": "home-manager",
        "type": "github"
      }
    },
    "nixpkgs": {
      "locked": {
        "lastModified": 1787135253,
        "narHash": "sha256-RD2kNWCG+Bjo6h+JVjWVNntZs2GtRoeY2xHjts/FNkA=",
        "owner": "NixOS",
        "repo": "nixpkgs",
        "rev": "ffb3c9b700e759be2ef13237c9d8f953b32a1e46",
        "type": "github"
      },
      "original": {
        "owner": "NixOS",
        "ref": "nixos-unstable",
        "repo": "nixpkgs",
        "type": "github"
      }
    },
    "nixpkgs_2": {
      "locked": {
        "lastModified": 1786599213,
        "narHash": "sha256-yjGG65gA1jORt0hWxjzrnw3AYkIn8EWolp8vezwXZ3I=",
        "rev": "0e251e24a4f24e036a084b6b4b2d2491af4167f4",
        "type": "tarball",
        "url": "https://releases.nixos.org/nixos/unstable/nixos-26.11pre1053317.0e251e24a4f2/nixexprs.tar.zst"
      },
      "original": {
        "type": "tarball",
        "url": "https://channels.nixos.org/nixos-unstable/nixexprs.tar.zst"
      }
    },
    "noctalia": {
      "inputs": {
        "nixpkgs": "nixpkgs_2"
      },
      "locked": {
        "lastModified": 1787234716,
        "narHash": "sha256-O07tHqxugZ/XE/90kx/UCZ0YCbHSI88v2ct2ezuCKi4=",
        "owner": "noctalia-dev",
        "repo": "noctalia-shell",
        "rev": "a064c063f204518619b8c032c944138a0349966b",
        "type": "github"
      },
      "original": {
        "owner": "noctalia-dev",
        "repo": "noctalia-shell",
        "type": "github"
      }
    },
    "nur": {
      "inputs": {
        "flake-parts": [
          "stylix",
          "flake-parts"
        ],
        "nixpkgs": [
          "stylix",
          "nixpkgs"
        ]
      },
      "locked": {
        "lastModified": 1785549842,
        "narHash": "sha256-DCwBZmGsySF7oKGTRgEv2HvpxVXkHT+38VhTM76k0B4=",
        "owner": "nix-community",
        "repo": "NUR",
        "rev": "a9f987b57594e845e3e5cdd423b9a70846d70308",
        "type": "github"
      },
      "original": {
        "owner": "nix-community",
        "repo": "NUR",
        "type": "github"
      }
    },
    "opnix": {
      "inputs": {
        "flake-utils": "flake-utils",
        "nixpkgs": [
          "nixpkgs"
        ]
      },
      "locked": {
        "lastModified": 1787059804,
        "narHash": "sha256-Tz5sPFmT3KGCU7qPpJw0AWHydbxizztvJv3Wdwwl9aI=",
        "owner": "brizzbuzz",
        "repo": "opnix",
        "rev": "0ea3a9e6a94fdd0c444aa7729b98e568a0588222",
        "type": "github"
      },
      "original": {
        "owner": "brizzbuzz",
        "repo": "opnix",
        "type": "github"
      }
    },
    "root": {
      "inputs": {
        "ghzinga": "ghzinga",
        "herdr": "herdr",
        "herdr-annotations": "herdr-annotations",
        "herdr-automatic-rename": "herdr-automatic-rename",
        "herdr-bar": "herdr-bar",
        "herdr-browser": "herdr-browser",
        "herdr-file-viewer": "herdr-file-viewer",
        "herdr-notes": "herdr-notes",
        "herdr-nvim": "herdr-nvim",
        "herdr-reviewr": "herdr-reviewr",
        "herdr-telegram-plugin": "herdr-telegram-plugin",
        "herdr-usage-bar": "herdr-usage-bar",
        "herdr-yazi": "herdr-yazi",
        "home-manager": "home-manager",
        "nixpkgs": "nixpkgs",
        "noctalia": "noctalia",
        "opnix": "opnix",
        "sops-nix": "sops-nix",
        "stylix": "stylix"
      }
    },
    "rust-overlay": {
      "inputs": {
        "nixpkgs": [
          "herdr",
          "nixpkgs"
        ]
      },
      "locked": {
        "lastModified": 1783577481,
        "narHash": "sha256-EWMxOWrJ031f8f/lrcEmhTRs4npw1/5N3Hcjin846c8=",
        "owner": "oxalica",
        "repo": "rust-overlay",
        "rev": "4cdea398dc491b082dccdce0fad1ed0b75fa3394",
        "type": "github"
      },
      "original": {
        "owner": "oxalica",
        "repo": "rust-overlay",
        "type": "github"
      }
    },
    "sops-nix": {
      "inputs": {
        "nixpkgs": [
          "nixpkgs"
        ]
      },
      "locked": {
        "lastModified": 1786629091,
        "narHash": "sha256-gkig4nPi1CWc4Z50GBsjE4ygSE7hMpl/TwID2an2Cck=",
        "owner": "Mic92",
        "repo": "sops-nix",
        "rev": "a8627b21b9107c5711c96b84f32a9a4b3d45295f",
        "type": "github"
      },
      "original": {
        "owner": "Mic92",
        "repo": "sops-nix",
        "type": "github"
      }
    },
    "stylix": {
      "inputs": {
        "base16": "base16",
        "base16-fish": "base16-fish",
        "base16-helix": "base16-helix",
        "base16-vim": "base16-vim",
        "firefox-gnome-theme": "firefox-gnome-theme",
        "flake-parts": "flake-parts",
        "gnome-shell": "gnome-shell",
        "nixpkgs": [
          "nixpkgs"
        ],
        "nur": "nur",
        "systems": "systems_2",
        "tinted-kitty": "tinted-kitty",
        "tinted-schemes": "tinted-schemes",
        "tinted-tmux": "tinted-tmux",
        "tinted-zed": "tinted-zed"
      },
      "locked": {
        "lastModified": 1787175104,
        "narHash": "sha256-tzNjlb0loxeWlipvxSNAUUihloeTZoyGFhEen87yM9k=",
        "owner": "danth",
        "repo": "stylix",
        "rev": "a9e5a76a1b75b137f266e4f445e1eaba82e9783e",
        "type": "github"
      },
      "original": {
        "owner": "danth",
        "repo": "stylix",
        "type": "github"
      }
    },
    "systems": {
      "locked": {
        "lastModified": 1681028828,
        "narHash": "sha256-Vy1rq5AaRuLzOxct8nz4T6wlgyUR7zLU309k9mBC768=",
        "owner": "nix-systems",
        "repo": "default",
        "rev": "da67096a3b9bf56a91d16901293e51ba5b49a27e",
        "type": "github"
      },
      "original": {
        "owner": "nix-systems",
        "repo": "default",
        "type": "github"
      }
    },
    "systems_2": {
      "locked": {
        "lastModified": 1774449309,
        "narHash": "sha256-brhZ8DmuGtzkCYHJg4HEd602amKm89Y9ytsFZ5uWD1w=",
        "owner": "nix-systems",
        "repo": "default",
        "rev": "c29398b59d2048c4ab79345812849c9bd15e9150",
        "type": "github"
      },
      "original": {
        "owner": "nix-systems",
        "ref": "future-26.11",
        "repo": "default",
        "type": "github"
      }
    },
    "tinted-kitty": {
      "flake": false,
      "locked": {
        "lastModified": 1735730497,
        "narHash": "sha256-4KtB+FiUzIeK/4aHCKce3V9HwRvYaxX+F1edUrfgzb8=",
        "owner": "tinted-theming",
        "repo": "tinted-kitty",
        "rev": "de6f888497f2c6b2279361bfc790f164bfd0f3fa",
        "type": "github"
      },
      "original": {
        "owner": "tinted-theming",
        "repo": "tinted-kitty",
        "type": "github"
      }
    },
    "tinted-schemes": {
      "flake": false,
      "locked": {
        "lastModified": 1785153830,
        "narHash": "sha256-fNdfCTeCXU3tZG3TMincd+u68qBHQgCr2Ljr/M1mWP0=",
        "owner": "tinted-theming",
        "repo": "schemes",
        "rev": "9bd28ed313560db3c5b605c63bc4e309e78e3fc8",
        "type": "github"
      },
      "original": {
        "owner": "tinted-theming",
        "repo": "schemes",
        "type": "github"
      }
    },
    "tinted-tmux": {
      "flake": false,
      "locked": {
        "lastModified": 1785031658,
        "narHash": "sha256-mZp9O2LjzdMzlqQF3l3fjqsuPBzXy+1qTfBEUGjTlpk=",
        "owner": "tinted-theming",
        "repo": "tinted-tmux",
        "rev": "5d2c67f61ea7af36f16865ab6d541cdba41dc257",
        "type": "github"
      },
      "original": {
        "owner": "tinted-theming",
        "repo": "tinted-tmux",
        "type": "github"
      }
    },
    "tinted-zed": {
      "flake": false,
      "locked": {
        "lastModified": 1785030526,
        "narHash": "sha256-klZf8UviewRkxuu74Bhbq6tqy7oxebQC7UVRWbbtQxU=",
        "owner": "tinted-theming",
        "repo": "base16-zed",
        "rev": "16f5a8adf4a6b1310d0a61ab172de963e8f76a02",
        "type": "github"
      },
      "original": {
        "owner": "tinted-theming",
        "repo": "base16-zed",
        "type": "github"
      }
    }
  },
  "root": "root",
  "version": 7
}
